// !$*UTF8*$!
{
	archiveVersion = 1;
	classes = {
	};
	objectVersion = 51;
	objects = {

/* Begin PBXBuildFile section */
		263C5A98226787D300DD908F /* Kamu.swift in Sources */ = {isa = PBXBuildFile; fileRef = 263C5A97226787D300DD908F /* Kamu.swift */; };
		263C5A9A22678CF300DD908F /* Moya.framework in Frameworks */ = {isa = PBXBuildFile; fileRef = 263C5A9922678CF300DD908F /* Moya.framework */; };
		263C5A9C22678D8200DD908F /* Result.framework in Frameworks */ = {isa = PBXBuildFile; fileRef = 263C5A9B22678D8200DD908F /* Result.framework */; };
		263C5A9E22678DB100DD908F /* Alamofire.framework in Frameworks */ = {isa = PBXBuildFile; fileRef = 263C5A9D22678DB100DD908F /* Alamofire.framework */; };
		2652225F225BD37E00DC3BE5 /* Quick.framework in CopyFiles */ = {isa = PBXBuildFile; fileRef = 2652225D225BD37E00DC3BE5 /* Quick.framework */; settings = {ATTRIBUTES = (CodeSignOnCopy, RemoveHeadersOnCopy, ); }; };
		26522260225BD37E00DC3BE5 /* Nimble.framework in CopyFiles */ = {isa = PBXBuildFile; fileRef = 2652225E225BD37E00DC3BE5 /* Nimble.framework */; settings = {ATTRIBUTES = (CodeSignOnCopy, RemoveHeadersOnCopy, ); }; };
		26522262225BDCFC00DC3BE5 /* ReaderSpec.swift in Sources */ = {isa = PBXBuildFile; fileRef = 26522261225BDCFC00DC3BE5 /* ReaderSpec.swift */; };
		26522264225C130200DC3BE5 /* Capture.swift in Sources */ = {isa = PBXBuildFile; fileRef = 26522263225C130200DC3BE5 /* Capture.swift */; };
		26634834224A9B0000EA2539 /* Reader.swift in Sources */ = {isa = PBXBuildFile; fileRef = 26634833224A9B0000EA2539 /* Reader.swift */; };
		268C55522240244B00AFDE9C /* AppDelegate.swift in Sources */ = {isa = PBXBuildFile; fileRef = 268C55512240244B00AFDE9C /* AppDelegate.swift */; };
		268C55542240244B00AFDE9C /* ViewController.swift in Sources */ = {isa = PBXBuildFile; fileRef = 268C55532240244B00AFDE9C /* ViewController.swift */; };
		268C55592240244E00AFDE9C /* Assets.xcassets in Resources */ = {isa = PBXBuildFile; fileRef = 268C55582240244E00AFDE9C /* Assets.xcassets */; };
		268C555C2240244E00AFDE9C /* LaunchScreen.storyboard in Resources */ = {isa = PBXBuildFile; fileRef = 268C555A2240244E00AFDE9C /* LaunchScreen.storyboard */; };
		268C55722240244E00AFDE9C /* KamuUITests.swift in Sources */ = {isa = PBXBuildFile; fileRef = 268C55712240244E00AFDE9C /* KamuUITests.swift */; };
		26C5031A225CE3CD00D92090 /* Cuckoo.framework in CopyFiles */ = {isa = PBXBuildFile; fileRef = 26C50319225CE3CD00D92090 /* Cuckoo.framework */; settings = {ATTRIBUTES = (CodeSignOnCopy, RemoveHeadersOnCopy, ); }; };
		26C5031B225CE3DB00D92090 /* Cuckoo.framework in Frameworks */ = {isa = PBXBuildFile; fileRef = 26C50319225CE3CD00D92090 /* Cuckoo.framework */; };
		26C5031E225CE6A300D92090 /* GeneratedMocks.swift in Sources */ = {isa = PBXBuildFile; fileRef = 26C5031D225CE6A300D92090 /* GeneratedMocks.swift */; };
		26DFAA9122539B10007E5109 /* Nimble.framework in Frameworks */ = {isa = PBXBuildFile; fileRef = 26DFAA8E2252A46F007E5109 /* Nimble.framework */; };
		26DFAA9222539B10007E5109 /* Quick.framework in Frameworks */ = {isa = PBXBuildFile; fileRef = 26DFAA8D2252A46F007E5109 /* Quick.framework */; };
/* End PBXBuildFile section */

/* Begin PBXContainerItemProxy section */
		268C55632240244E00AFDE9C /* PBXContainerItemProxy */ = {
			isa = PBXContainerItemProxy;
			containerPortal = 268C55462240244B00AFDE9C /* Project object */;
			proxyType = 1;
			remoteGlobalIDString = 268C554D2240244B00AFDE9C;
			remoteInfo = Kamu;
		};
		268C556E2240244E00AFDE9C /* PBXContainerItemProxy */ = {
			isa = PBXContainerItemProxy;
			containerPortal = 268C55462240244B00AFDE9C /* Project object */;
			proxyType = 1;
			remoteGlobalIDString = 268C554D2240244B00AFDE9C;
			remoteInfo = Kamu;
		};
/* End PBXContainerItemProxy section */

/* Begin PBXCopyFilesBuildPhase section */
		2652225C225BD35100DC3BE5 /* CopyFiles */ = {
			isa = PBXCopyFilesBuildPhase;
			buildActionMask = 2147483647;
			dstPath = "";
			dstSubfolderSpec = 10;
			files = (
				2652225F225BD37E00DC3BE5 /* Quick.framework in CopyFiles */,
				26522260225BD37E00DC3BE5 /* Nimble.framework in CopyFiles */,
				26C5031A225CE3CD00D92090 /* Cuckoo.framework in CopyFiles */,
			);
			runOnlyForDeploymentPostprocessing = 0;
		};
/* End PBXCopyFilesBuildPhase section */

/* Begin PBXFileReference section */
		263C5A97226787D300DD908F /* Kamu.swift */ = {isa = PBXFileReference; lastKnownFileType = sourcecode.swift; path = Kamu.swift; sourceTree = "<group>"; };
		263C5A9922678CF300DD908F /* Moya.framework */ = {isa = PBXFileReference; lastKnownFileType = wrapper.framework; name = Moya.framework; path = Carthage/Build/iOS/Moya.framework; sourceTree = "<group>"; };
		263C5A9B22678D8200DD908F /* Result.framework */ = {isa = PBXFileReference; lastKnownFileType = wrapper.framework; name = Result.framework; path = Carthage/Build/iOS/Result.framework; sourceTree = "<group>"; };
		263C5A9D22678DB100DD908F /* Alamofire.framework */ = {isa = PBXFileReference; lastKnownFileType = wrapper.framework; name = Alamofire.framework; path = Carthage/Build/iOS/Alamofire.framework; sourceTree = "<group>"; };
		2652225D225BD37E00DC3BE5 /* Quick.framework */ = {isa = PBXFileReference; lastKnownFileType = wrapper.framework; name = Quick.framework; path = Carthage/Build/iOS/Quick.framework; sourceTree = "<group>"; };
		2652225E225BD37E00DC3BE5 /* Nimble.framework */ = {isa = PBXFileReference; lastKnownFileType = wrapper.framework; name = Nimble.framework; path = Carthage/Build/iOS/Nimble.framework; sourceTree = "<group>"; };
		26522261225BDCFC00DC3BE5 /* ReaderSpec.swift */ = {isa = PBXFileReference; lastKnownFileType = sourcecode.swift; path = ReaderSpec.swift; sourceTree = "<group>"; };
		26522263225C130200DC3BE5 /* Capture.swift */ = {isa = PBXFileReference; lastKnownFileType = sourcecode.swift; path = Capture.swift; sourceTree = "<group>"; };
		26634833224A9B0000EA2539 /* Reader.swift */ = {isa = PBXFileReference; lastKnownFileType = sourcecode.swift; path = Reader.swift; sourceTree = "<group>"; };
		2683554E2242848400F6E670 /* Debug.xcconfig */ = {isa = PBXFileReference; lastKnownFileType = text.xcconfig; path = Debug.xcconfig; sourceTree = "<group>"; };
		2683554F2242849900F6E670 /* Release.xcconfig */ = {isa = PBXFileReference; lastKnownFileType = text.xcconfig; path = Release.xcconfig; sourceTree = "<group>"; };
		26835550224284BE00F6E670 /* Shared.xcconfig */ = {isa = PBXFileReference; lastKnownFileType = text.xcconfig; path = Shared.xcconfig; sourceTree = "<group>"; };
		268C554E2240244B00AFDE9C /* Kamu.app */ = {isa = PBXFileReference; explicitFileType = wrapper.application; includeInIndex = 0; path = Kamu.app; sourceTree = BUILT_PRODUCTS_DIR; };
		268C55512240244B00AFDE9C /* AppDelegate.swift */ = {isa = PBXFileReference; lastKnownFileType = sourcecode.swift; path = AppDelegate.swift; sourceTree = "<group>"; };
		268C55532240244B00AFDE9C /* ViewController.swift */ = {isa = PBXFileReference; lastKnownFileType = sourcecode.swift; path = ViewController.swift; sourceTree = "<group>"; };
		268C55582240244E00AFDE9C /* Assets.xcassets */ = {isa = PBXFileReference; lastKnownFileType = folder.assetcatalog; path = Assets.xcassets; sourceTree = "<group>"; };
		268C555B2240244E00AFDE9C /* Base */ = {isa = PBXFileReference; lastKnownFileType = file.storyboard; name = Base; path = Base.lproj/LaunchScreen.storyboard; sourceTree = "<group>"; };
		268C555D2240244E00AFDE9C /* Info.plist */ = {isa = PBXFileReference; lastKnownFileType = text.plist.xml; path = Info.plist; sourceTree = "<group>"; };
		268C55622240244E00AFDE9C /* Unit Tests.xctest */ = {isa = PBXFileReference; explicitFileType = wrapper.cfbundle; includeInIndex = 0; path = "Unit Tests.xctest"; sourceTree = BUILT_PRODUCTS_DIR; };
		268C55682240244E00AFDE9C /* Info.plist */ = {isa = PBXFileReference; lastKnownFileType = text.plist.xml; path = Info.plist; sourceTree = "<group>"; };
		268C556D2240244E00AFDE9C /* UI Tests.xctest */ = {isa = PBXFileReference; explicitFileType = wrapper.cfbundle; includeInIndex = 0; path = "UI Tests.xctest"; sourceTree = BUILT_PRODUCTS_DIR; };
		268C55712240244E00AFDE9C /* KamuUITests.swift */ = {isa = PBXFileReference; lastKnownFileType = sourcecode.swift; path = KamuUITests.swift; sourceTree = "<group>"; };
		268C55732240244E00AFDE9C /* Info.plist */ = {isa = PBXFileReference; lastKnownFileType = text.plist.xml; path = Info.plist; sourceTree = "<group>"; };
		26C50319225CE3CD00D92090 /* Cuckoo.framework */ = {isa = PBXFileReference; lastKnownFileType = wrapper.framework; name = Cuckoo.framework; path = Carthage/Build/iOS/Cuckoo.framework; sourceTree = "<group>"; };
		26C5031D225CE6A300D92090 /* GeneratedMocks.swift */ = {isa = PBXFileReference; fileEncoding = 4; lastKnownFileType = sourcecode.swift; path = GeneratedMocks.swift; sourceTree = "<group>"; };
		26DFAA8D2252A46F007E5109 /* Quick.framework */ = {isa = PBXFileReference; lastKnownFileType = wrapper.framework; name = Quick.framework; path = Carthage/Build/iOS/Quick.framework; sourceTree = "<group>"; };
		26DFAA8E2252A46F007E5109 /* Nimble.framework */ = {isa = PBXFileReference; lastKnownFileType = wrapper.framework; name = Nimble.framework; path = Carthage/Build/iOS/Nimble.framework; sourceTree = "<group>"; };
/* End PBXFileReference section */

/* Begin PBXFrameworksBuildPhase section */
		268C554B2240244B00AFDE9C /* Frameworks */ = {
			isa = PBXFrameworksBuildPhase;
			buildActionMask = 2147483647;
			files = (
				263C5A9A22678CF300DD908F /* Moya.framework in Frameworks */,
				263C5A9C22678D8200DD908F /* Result.framework in Frameworks */,
				263C5A9E22678DB100DD908F /* Alamofire.framework in Frameworks */,
			);
			runOnlyForDeploymentPostprocessing = 0;
		};
		268C555F2240244E00AFDE9C /* Frameworks */ = {
			isa = PBXFrameworksBuildPhase;
			buildActionMask = 2147483647;
			files = (
				26DFAA9122539B10007E5109 /* Nimble.framework in Frameworks */,
				26DFAA9222539B10007E5109 /* Quick.framework in Frameworks */,
				26C5031B225CE3DB00D92090 /* Cuckoo.framework in Frameworks */,
			);
			runOnlyForDeploymentPostprocessing = 0;
		};
		268C556A2240244E00AFDE9C /* Frameworks */ = {
			isa = PBXFrameworksBuildPhase;
			buildActionMask = 2147483647;
			files = (
			);
			runOnlyForDeploymentPostprocessing = 0;
		};
/* End PBXFrameworksBuildPhase section */

/* Begin PBXGroup section */
		268355512242A66200F6E670 /* Supporting Files */ = {
			isa = PBXGroup;
			children = (
				268C555D2240244E00AFDE9C /* Info.plist */,
				268C55582240244E00AFDE9C /* Assets.xcassets */,
				26835550224284BE00F6E670 /* Shared.xcconfig */,
				2683554F2242849900F6E670 /* Release.xcconfig */,
				2683554E2242848400F6E670 /* Debug.xcconfig */,
			);
			path = "Supporting Files";
			sourceTree = "<group>";
		};
		268C55452240244B00AFDE9C = {
			isa = PBXGroup;
			children = (
				26C50319225CE3CD00D92090 /* Cuckoo.framework */,
				2652225E225BD37E00DC3BE5 /* Nimble.framework */,
				2652225D225BD37E00DC3BE5 /* Quick.framework */,
				268C55502240244B00AFDE9C /* Kamu */,
				268C55652240244E00AFDE9C /* Unit Tests */,
				268C55702240244E00AFDE9C /* UI Tests */,
				268C554F2240244B00AFDE9C /* Products */,
				26DFAA8C2252A46F007E5109 /* Frameworks */,
			);
			sourceTree = "<group>";
		};
		268C554F2240244B00AFDE9C /* Products */ = {
			isa = PBXGroup;
			children = (
				268C554E2240244B00AFDE9C /* Kamu.app */,
				268C55622240244E00AFDE9C /* Unit Tests.xctest */,
				268C556D2240244E00AFDE9C /* UI Tests.xctest */,
			);
			name = Products;
			sourceTree = "<group>";
		};
		268C55502240244B00AFDE9C /* Kamu */ = {
			isa = PBXGroup;
			children = (
				268C55512240244B00AFDE9C /* AppDelegate.swift */,
				268C55532240244B00AFDE9C /* ViewController.swift */,
				263C5A97226787D300DD908F /* Kamu.swift */,
				26634833224A9B0000EA2539 /* Reader.swift */,
				26522263225C130200DC3BE5 /* Capture.swift */,
				268C555A2240244E00AFDE9C /* LaunchScreen.storyboard */,
				268355512242A66200F6E670 /* Supporting Files */,
			);
			path = Kamu;
			sourceTree = "<group>";
		};
		268C55652240244E00AFDE9C /* Unit Tests */ = {
			isa = PBXGroup;
			children = (
				26C50320225CE6B400D92090 /* Mocks */,
				26522261225BDCFC00DC3BE5 /* ReaderSpec.swift */,
				268C55682240244E00AFDE9C /* Info.plist */,
			);
			path = "Unit Tests";
			sourceTree = "<group>";
		};
		268C55702240244E00AFDE9C /* UI Tests */ = {
			isa = PBXGroup;
			children = (
				268C55712240244E00AFDE9C /* KamuUITests.swift */,
				268C55732240244E00AFDE9C /* Info.plist */,
			);
			path = "UI Tests";
			sourceTree = "<group>";
		};
		26C50320225CE6B400D92090 /* Mocks */ = {
			isa = PBXGroup;
			children = (
				26C5031D225CE6A300D92090 /* GeneratedMocks.swift */,
			);
			path = Mocks;
			sourceTree = "<group>";
		};
		26DFAA8C2252A46F007E5109 /* Frameworks */ = {
			isa = PBXGroup;
			children = (
				263C5A9D22678DB100DD908F /* Alamofire.framework */,
				263C5A9B22678D8200DD908F /* Result.framework */,
				263C5A9922678CF300DD908F /* Moya.framework */,
				26DFAA8E2252A46F007E5109 /* Nimble.framework */,
				26DFAA8D2252A46F007E5109 /* Quick.framework */,
			);
			name = Frameworks;
			sourceTree = "<group>";
		};
/* End PBXGroup section */

/* Begin PBXNativeTarget section */
		268C554D2240244B00AFDE9C /* Kamu */ = {
			isa = PBXNativeTarget;
			buildConfigurationList = 268C55762240244E00AFDE9C /* Build configuration list for PBXNativeTarget "Kamu" */;
			buildPhases = (
				268C554A2240244B00AFDE9C /* Sources */,
				268C554B2240244B00AFDE9C /* Frameworks */,
				268C554C2240244B00AFDE9C /* Resources */,
				263C5A9F2267982600DD908F /* App Transport Security */,
				268C557F22404EC200AFDE9C /* Lint */,
				4RJCCA56X92CTOVUGZQG8NXX /* Carthage */,
			);
			buildRules = (
			);
			dependencies = (
			);
			name = Kamu;
			productName = Kamu;
			productReference = 268C554E2240244B00AFDE9C /* Kamu.app */;
			productType = "com.apple.product-type.application";
		};
		268C55612240244E00AFDE9C /* Unit Tests */ = {
			isa = PBXNativeTarget;
			buildConfigurationList = 268C55792240244E00AFDE9C /* Build configuration list for PBXNativeTarget "Unit Tests" */;
			buildPhases = (
				26C5031C225CE3E100D92090 /* Cuckoo */,
				268C555E2240244E00AFDE9C /* Sources */,
				268C555F2240244E00AFDE9C /* Frameworks */,
				2652225C225BD35100DC3BE5 /* CopyFiles */,
				268C55602240244E00AFDE9C /* Resources */,
			);
			buildRules = (
			);
			dependencies = (
				268C55642240244E00AFDE9C /* PBXTargetDependency */,
			);
			name = "Unit Tests";
			productName = KamuTests;
			productReference = 268C55622240244E00AFDE9C /* Unit Tests.xctest */;
			productType = "com.apple.product-type.bundle.unit-test";
		};
		268C556C2240244E00AFDE9C /* UI Tests */ = {
			isa = PBXNativeTarget;
			buildConfigurationList = 268C557C2240244E00AFDE9C /* Build configuration list for PBXNativeTarget "UI Tests" */;
			buildPhases = (
				268C55692240244E00AFDE9C /* Sources */,
				268C556A2240244E00AFDE9C /* Frameworks */,
				268C556B2240244E00AFDE9C /* Resources */,
			);
			buildRules = (
			);
			dependencies = (
				268C556F2240244E00AFDE9C /* PBXTargetDependency */,
			);
			name = "UI Tests";
			productName = KamuUITests;
			productReference = 268C556D2240244E00AFDE9C /* UI Tests.xctest */;
			productType = "com.apple.product-type.bundle.ui-testing";
		};
/* End PBXNativeTarget section */

/* Begin PBXProject section */
		268C55462240244B00AFDE9C /* Project object */ = {
			isa = PBXProject;
			attributes = {
				LastSwiftUpdateCheck = 1010;
				LastUpgradeCheck = 1010;
				TargetAttributes = {
					268C554D2240244B00AFDE9C = {
						CreatedOnToolsVersion = 10.1;
						LastSwiftMigration = 1020;
					};
					268C55612240244E00AFDE9C = {
						CreatedOnToolsVersion = 10.1;
						LastSwiftMigration = 1020;
						TestTargetID = 268C554D2240244B00AFDE9C;
					};
					268C556C2240244E00AFDE9C = {
						CreatedOnToolsVersion = 10.1;
						LastSwiftMigration = 1020;
						TestTargetID = 268C554D2240244B00AFDE9C;
					};
				};
			};
			buildConfigurationList = 268C55492240244B00AFDE9C /* Build configuration list for PBXProject "Kamu" */;
			compatibilityVersion = "Xcode 9.3";
			developmentRegion = en;
			hasScannedForEncodings = 0;
			knownRegions = (
				en,
				Base,
			);
			mainGroup = 268C55452240244B00AFDE9C;
			productRefGroup = 268C554F2240244B00AFDE9C /* Products */;
			projectDirPath = "";
			projectRoot = "";
			targets = (
				268C554D2240244B00AFDE9C /* Kamu */,
				268C556C2240244E00AFDE9C /* UI Tests */,
				268C55612240244E00AFDE9C /* Unit Tests */,
			);
		};
/* End PBXProject section */

/* Begin PBXResourcesBuildPhase section */
		268C554C2240244B00AFDE9C /* Resources */ = {
			isa = PBXResourcesBuildPhase;
			buildActionMask = 2147483647;
			files = (
				268C555C2240244E00AFDE9C /* LaunchScreen.storyboard in Resources */,
				268C55592240244E00AFDE9C /* Assets.xcassets in Resources */,
			);
			runOnlyForDeploymentPostprocessing = 0;
		};
		268C55602240244E00AFDE9C /* Resources */ = {
			isa = PBXResourcesBuildPhase;
			buildActionMask = 2147483647;
			files = (
			);
			runOnlyForDeploymentPostprocessing = 0;
		};
		268C556B2240244E00AFDE9C /* Resources */ = {
			isa = PBXResourcesBuildPhase;
			buildActionMask = 2147483647;
			files = (
			);
			runOnlyForDeploymentPostprocessing = 0;
		};
/* End PBXResourcesBuildPhase section */

/* Begin PBXShellScriptBuildPhase section */
		263C5A9F2267982600DD908F /* App Transport Security */ = {
			isa = PBXShellScriptBuildPhase;
			buildActionMask = 2147483647;
			files = (
			);
			inputFileListPaths = (
			);
			inputPaths = (
			);
			name = "App Transport Security";
			outputFileListPaths = (
			);
			outputPaths = (
			);
			runOnlyForDeploymentPostprocessing = 0;
			shellPath = /bin/sh;
			shellScript = "$SRCROOT/Build\\ Phases/app-transport-security.sh\n";
		};
		268C557F22404EC200AFDE9C /* Lint */ = {
			isa = PBXShellScriptBuildPhase;
			buildActionMask = 2147483647;
			files = (
			);
			inputFileListPaths = (
			);
			inputPaths = (
			);
			name = Lint;
			outputFileListPaths = (
			);
			outputPaths = (
			);
			runOnlyForDeploymentPostprocessing = 0;
			shellPath = /bin/sh;
			shellScript = "if [ -z \"$CI\" ]; then\n    swiftlint\nfi\n";
		};
		26C5031C225CE3E100D92090 /* Cuckoo */ = {
			isa = PBXShellScriptBuildPhase;
			buildActionMask = 2147483647;
			files = (
			);
			inputFileListPaths = (
			);
			inputPaths = (
				"$(PROJECT_DIR)/Kamu/Capture.swift",
			);
			name = Cuckoo;
			outputFileListPaths = (
			);
			outputPaths = (
				"$(PROJECT_DIR)/Unit Tests/Mocks/GeneratedMocks.swift",
			);
			runOnlyForDeploymentPostprocessing = 0;
			shellPath = /bin/sh;
			shellScript = "$SRCROOT/Build\\ Phases/cuckoo.sh\n";
		};
		4RJCCA56X92CTOVUGZQG8NXX /* Carthage */ = {
			isa = PBXShellScriptBuildPhase;
			buildActionMask = 2147483647;
			files = (
			);
			inputFileListPaths = (
				"$(SRCROOT)/Carthage/xcfilelists/Kamu-inputPaths.xcfilelist",
			);
			inputPaths = (
			);
			name = Carthage;
			outputFileListPaths = (
				"$(SRCROOT)/Carthage/xcfilelists/Kamu-outputPaths.xcfilelist",
			);
			outputPaths = (
			);
			runOnlyForDeploymentPostprocessing = 0;
			shellPath = /bin/sh;
			shellScript = "/usr/local/bin/carthage copy-frameworks\n";
			showEnvVarsInLog = 0;
		};
/* End PBXShellScriptBuildPhase section */

/* Begin PBXSourcesBuildPhase section */
		268C554A2240244B00AFDE9C /* Sources */ = {
			isa = PBXSourcesBuildPhase;
			buildActionMask = 2147483647;
			files = (
				26522264225C130200DC3BE5 /* Capture.swift in Sources */,
				268C55542240244B00AFDE9C /* ViewController.swift in Sources */,
				26634834224A9B0000EA2539 /* Reader.swift in Sources */,
				263C5A98226787D300DD908F /* Kamu.swift in Sources */,
				268C55522240244B00AFDE9C /* AppDelegate.swift in Sources */,
			);
			runOnlyForDeploymentPostprocessing = 0;
		};
		268C555E2240244E00AFDE9C /* Sources */ = {
			isa = PBXSourcesBuildPhase;
			buildActionMask = 2147483647;
			files = (
				26522262225BDCFC00DC3BE5 /* ReaderSpec.swift in Sources */,
				26C5031E225CE6A300D92090 /* GeneratedMocks.swift in Sources */,
			);
			runOnlyForDeploymentPostprocessing = 0;
		};
		268C55692240244E00AFDE9C /* Sources */ = {
			isa = PBXSourcesBuildPhase;
			buildActionMask = 2147483647;
			files = (
				268C55722240244E00AFDE9C /* KamuUITests.swift in Sources */,
			);
			runOnlyForDeploymentPostprocessing = 0;
		};
/* End PBXSourcesBuildPhase section */

/* Begin PBXTargetDependency section */
		268C55642240244E00AFDE9C /* PBXTargetDependency */ = {
			isa = PBXTargetDependency;
			target = 268C554D2240244B00AFDE9C /* Kamu */;
			targetProxy = 268C55632240244E00AFDE9C /* PBXContainerItemProxy */;
		};
		268C556F2240244E00AFDE9C /* PBXTargetDependency */ = {
			isa = PBXTargetDependency;
			target = 268C554D2240244B00AFDE9C /* Kamu */;
			targetProxy = 268C556E2240244E00AFDE9C /* PBXContainerItemProxy */;
		};
/* End PBXTargetDependency section */

/* Begin PBXVariantGroup section */
		268C555A2240244E00AFDE9C /* LaunchScreen.storyboard */ = {
			isa = PBXVariantGroup;
			children = (
				268C555B2240244E00AFDE9C /* Base */,
			);
			name = LaunchScreen.storyboard;
			sourceTree = "<group>";
		};
/* End PBXVariantGroup section */

/* Begin XCBuildConfiguration section */
		268C55742240244E00AFDE9C /* Debug */ = {
			isa = XCBuildConfiguration;
			buildSettings = {
				ALWAYS_SEARCH_USER_PATHS = NO;
				CLANG_ANALYZER_NONNULL = YES;
				CLANG_ANALYZER_NUMBER_OBJECT_CONVERSION = YES_AGGRESSIVE;
				CLANG_CXX_LANGUAGE_STANDARD = "gnu++14";
				CLANG_CXX_LIBRARY = "libc++";
				CLANG_ENABLE_MODULES = YES;
				CLANG_ENABLE_OBJC_ARC = YES;
				CLANG_ENABLE_OBJC_WEAK = YES;
				CLANG_WARN_BLOCK_CAPTURE_AUTORELEASING = YES;
				CLANG_WARN_BOOL_CONVERSION = YES;
				CLANG_WARN_COMMA = YES;
				CLANG_WARN_CONSTANT_CONVERSION = YES;
				CLANG_WARN_DEPRECATED_OBJC_IMPLEMENTATIONS = YES;
				CLANG_WARN_DIRECT_OBJC_ISA_USAGE = YES_ERROR;
				CLANG_WARN_DOCUMENTATION_COMMENTS = YES;
				CLANG_WARN_EMPTY_BODY = YES;
				CLANG_WARN_ENUM_CONVERSION = YES;
				CLANG_WARN_INFINITE_RECURSION = YES;
				CLANG_WARN_INT_CONVERSION = YES;
				CLANG_WARN_NON_LITERAL_NULL_CONVERSION = YES;
				CLANG_WARN_OBJC_IMPLICIT_RETAIN_SELF = YES;
				CLANG_WARN_OBJC_LITERAL_CONVERSION = YES;
				CLANG_WARN_OBJC_ROOT_CLASS = YES_ERROR;
				CLANG_WARN_RANGE_LOOP_ANALYSIS = YES;
				CLANG_WARN_STRICT_PROTOTYPES = YES;
				CLANG_WARN_SUSPICIOUS_MOVE = YES;
				CLANG_WARN_UNGUARDED_AVAILABILITY = YES_AGGRESSIVE;
				CLANG_WARN_UNREACHABLE_CODE = YES;
				CLANG_WARN__DUPLICATE_METHOD_MATCH = YES;
				CODE_SIGN_IDENTITY = "iPhone Developer";
				COPY_PHASE_STRIP = NO;
				DEBUG_INFORMATION_FORMAT = dwarf;
				ENABLE_STRICT_OBJC_MSGSEND = YES;
				ENABLE_TESTABILITY = YES;
				GCC_C_LANGUAGE_STANDARD = gnu11;
				GCC_DYNAMIC_NO_PIC = NO;
				GCC_NO_COMMON_BLOCKS = YES;
				GCC_OPTIMIZATION_LEVEL = 0;
				GCC_PREPROCESSOR_DEFINITIONS = (
					"DEBUG=1",
					"$(inherited)",
				);
				GCC_WARN_64_TO_32_BIT_CONVERSION = YES;
				GCC_WARN_ABOUT_RETURN_TYPE = YES_ERROR;
				GCC_WARN_UNDECLARED_SELECTOR = YES;
				GCC_WARN_UNINITIALIZED_AUTOS = YES_AGGRESSIVE;
				GCC_WARN_UNUSED_FUNCTION = YES;
				GCC_WARN_UNUSED_VARIABLE = YES;
				IPHONEOS_DEPLOYMENT_TARGET = 12.1;
				MTL_ENABLE_DEBUG_INFO = INCLUDE_SOURCE;
				MTL_FAST_MATH = YES;
				ONLY_ACTIVE_ARCH = YES;
				SDKROOT = iphoneos;
				SWIFT_ACTIVE_COMPILATION_CONDITIONS = DEBUG;
				SWIFT_OPTIMIZATION_LEVEL = "-Onone";
			};
			name = Debug;
		};
		268C55752240244E00AFDE9C /* Release */ = {
			isa = XCBuildConfiguration;
			buildSettings = {
				ALWAYS_SEARCH_USER_PATHS = NO;
				CLANG_ANALYZER_NONNULL = YES;
				CLANG_ANALYZER_NUMBER_OBJECT_CONVERSION = YES_AGGRESSIVE;
				CLANG_CXX_LANGUAGE_STANDARD = "gnu++14";
				CLANG_CXX_LIBRARY = "libc++";
				CLANG_ENABLE_MODULES = YES;
				CLANG_ENABLE_OBJC_ARC = YES;
				CLANG_ENABLE_OBJC_WEAK = YES;
				CLANG_WARN_BLOCK_CAPTURE_AUTORELEASING = YES;
				CLANG_WARN_BOOL_CONVERSION = YES;
				CLANG_WARN_COMMA = YES;
				CLANG_WARN_CONSTANT_CONVERSION = YES;
				CLANG_WARN_DEPRECATED_OBJC_IMPLEMENTATIONS = YES;
				CLANG_WARN_DIRECT_OBJC_ISA_USAGE = YES_ERROR;
				CLANG_WARN_DOCUMENTATION_COMMENTS = YES;
				CLANG_WARN_EMPTY_BODY = YES;
				CLANG_WARN_ENUM_CONVERSION = YES;
				CLANG_WARN_INFINITE_RECURSION = YES;
				CLANG_WARN_INT_CONVERSION = YES;
				CLANG_WARN_NON_LITERAL_NULL_CONVERSION = YES;
				CLANG_WARN_OBJC_IMPLICIT_RETAIN_SELF = YES;
				CLANG_WARN_OBJC_LITERAL_CONVERSION = YES;
				CLANG_WARN_OBJC_ROOT_CLASS = YES_ERROR;
				CLANG_WARN_RANGE_LOOP_ANALYSIS = YES;
				CLANG_WARN_STRICT_PROTOTYPES = YES;
				CLANG_WARN_SUSPICIOUS_MOVE = YES;
				CLANG_WARN_UNGUARDED_AVAILABILITY = YES_AGGRESSIVE;
				CLANG_WARN_UNREACHABLE_CODE = YES;
				CLANG_WARN__DUPLICATE_METHOD_MATCH = YES;
				CODE_SIGN_IDENTITY = "iPhone Developer";
				COPY_PHASE_STRIP = NO;
				DEBUG_INFORMATION_FORMAT = "dwarf-with-dsym";
				ENABLE_NS_ASSERTIONS = NO;
				ENABLE_STRICT_OBJC_MSGSEND = YES;
				GCC_C_LANGUAGE_STANDARD = gnu11;
				GCC_NO_COMMON_BLOCKS = YES;
				GCC_WARN_64_TO_32_BIT_CONVERSION = YES;
				GCC_WARN_ABOUT_RETURN_TYPE = YES_ERROR;
				GCC_WARN_UNDECLARED_SELECTOR = YES;
				GCC_WARN_UNINITIALIZED_AUTOS = YES_AGGRESSIVE;
				GCC_WARN_UNUSED_FUNCTION = YES;
				GCC_WARN_UNUSED_VARIABLE = YES;
				IPHONEOS_DEPLOYMENT_TARGET = 12.1;
				MTL_ENABLE_DEBUG_INFO = NO;
				MTL_FAST_MATH = YES;
				SDKROOT = iphoneos;
				SWIFT_COMPILATION_MODE = wholemodule;
				SWIFT_OPTIMIZATION_LEVEL = "-O";
				VALIDATE_PRODUCT = YES;
			};
			name = Release;
		};
		268C55772240244E00AFDE9C /* Debug */ = {
			isa = XCBuildConfiguration;
			baseConfigurationReference = 2683554E2242848400F6E670 /* Debug.xcconfig */;
			buildSettings = {
				ASSETCATALOG_COMPILER_APPICON_NAME = AppIcon;
				CODE_SIGN_IDENTITY = "iPhone Developer";
				CODE_SIGN_STYLE = Automatic;
				DEVELOPMENT_TEAM = WHKSUBFK92;
				FRAMEWORK_SEARCH_PATHS = (
					"$(inherited)",
					"$(PROJECT_DIR)/Carthage/Build/iOS",
				);
				INFOPLIST_FILE = "Kamu/Supporting Files/Info.plist";
				INFOPLIST_PREPROCESS = YES;
				LD_RUNPATH_SEARCH_PATHS = (
					"$(inherited)",
					"@executable_path/Frameworks",
				);
				PRODUCT_BUNDLE_IDENTIFIER = com.limamedeiros.kamu.debug;
				PRODUCT_NAME = "$(TARGET_NAME)";
				PROVISIONING_PROFILE_SPECIFIER = "";
				SWIFT_VERSION = 5.0;
				TARGETED_DEVICE_FAMILY = 1;
			};
			name = Debug;
		};
		268C55782240244E00AFDE9C /* Release */ = {
			isa = XCBuildConfiguration;
			baseConfigurationReference = 2683554F2242849900F6E670 /* Release.xcconfig */;
			buildSettings = {
				ASSETCATALOG_COMPILER_APPICON_NAME = AppIcon;
				CODE_SIGN_IDENTITY = "iPhone Developer";
				CODE_SIGN_STYLE = Automatic;
				DEVELOPMENT_TEAM = WHKSUBFK92;
				FRAMEWORK_SEARCH_PATHS = (
					"$(inherited)",
					"$(PROJECT_DIR)/Carthage/Build/iOS",
				);
				INFOPLIST_FILE = "Kamu/Supporting Files/Info.plist";
				INFOPLIST_PREPROCESS = YES;
				LD_RUNPATH_SEARCH_PATHS = (
					"$(inherited)",
					"@executable_path/Frameworks",
				);
				PRODUCT_BUNDLE_IDENTIFIER = com.limamedeiros.kamu.debug;
				PRODUCT_NAME = "$(TARGET_NAME)";
				PROVISIONING_PROFILE_SPECIFIER = "";
				SWIFT_VERSION = 5.0;
				TARGETED_DEVICE_FAMILY = 1;
			};
			name = Release;
		};
		268C557A2240244E00AFDE9C /* Debug */ = {
			isa = XCBuildConfiguration;
			buildSettings = {
				ALWAYS_EMBED_SWIFT_STANDARD_LIBRARIES = YES;
				BUNDLE_LOADER = "$(TEST_HOST)";
				CODE_SIGN_STYLE = Automatic;
				DEVELOPMENT_TEAM = WHKSUBFK92;
				FRAMEWORK_SEARCH_PATHS = (
					"$(inherited)",
					"$(PROJECT_DIR)/Carthage/Build/iOS",
				);
				INFOPLIST_FILE = "Unit Tests/Info.plist";
				LD_RUNPATH_SEARCH_PATHS = (
					"$(inherited)",
					"@executable_path/Frameworks",
					"@loader_path/Frameworks",
				);
				PRODUCT_BUNDLE_IDENTIFIER = com.limamedeiros.KamuTests;
				PRODUCT_NAME = "$(TARGET_NAME)";
				SWIFT_VERSION = 5.0;
				TARGETED_DEVICE_FAMILY = "1,2";
				TEST_HOST = "$(BUILT_PRODUCTS_DIR)/Kamu.app/Kamu";
			};
			name = Debug;
		};
		268C557B2240244E00AFDE9C /* Release */ = {
			isa = XCBuildConfiguration;
			buildSettings = {
				ALWAYS_EMBED_SWIFT_STANDARD_LIBRARIES = YES;
				BUNDLE_LOADER = "$(TEST_HOST)";
				CODE_SIGN_STYLE = Automatic;
				DEVELOPMENT_TEAM = WHKSUBFK92;
				FRAMEWORK_SEARCH_PATHS = (
					"$(inherited)",
					"$(PROJECT_DIR)/Carthage/Build/iOS",
				);
				INFOPLIST_FILE = "Unit Tests/Info.plist";
				LD_RUNPATH_SEARCH_PATHS = (
					"$(inherited)",
					"@executable_path/Frameworks",
					"@loader_path/Frameworks",
				);
				PRODUCT_BUNDLE_IDENTIFIER = com.limamedeiros.KamuTests;
				PRODUCT_NAME = "$(TARGET_NAME)";
				SWIFT_VERSION = 5.0;
				TARGETED_DEVICE_FAMILY = "1,2";
				TEST_HOST = "$(BUILT_PRODUCTS_DIR)/Kamu.app/Kamu";
			};
			name = Release;
		};
		268C557D2240244E00AFDE9C /* Debug */ = {
			isa = XCBuildConfiguration;
			buildSettings = {
				ALWAYS_EMBED_SWIFT_STANDARD_LIBRARIES = YES;
				CODE_SIGN_STYLE = Automatic;
				DEVELOPMENT_TEAM = WHKSUBFK92;
				INFOPLIST_FILE = "UI Tests/Info.plist";
				LD_RUNPATH_SEARCH_PATHS = (
					"$(inherited)",
					"@executable_path/Frameworks",
					"@loader_path/Frameworks",
				);
				PRODUCT_BUNDLE_IDENTIFIER = com.limamedeiros.KamuUITests;
				PRODUCT_NAME = "$(TARGET_NAME)";
				SWIFT_VERSION = 5.0;
				TARGETED_DEVICE_FAMILY = "1,2";
				TEST_TARGET_NAME = Kamu;
			};
			name = Debug;
		};
		268C557E2240244E00AFDE9C /* Release */ = {
			isa = XCBuildConfiguration;
			buildSettings = {
				ALWAYS_EMBED_SWIFT_STANDARD_LIBRARIES = YES;
				CODE_SIGN_STYLE = Automatic;
				DEVELOPMENT_TEAM = WHKSUBFK92;
				INFOPLIST_FILE = "UI Tests/Info.plist";
				LD_RUNPATH_SEARCH_PATHS = (
					"$(inherited)",
					"@executable_path/Frameworks",
					"@loader_path/Frameworks",
				);
				PRODUCT_BUNDLE_IDENTIFIER = com.limamedeiros.KamuUITests;
				PRODUCT_NAME = "$(TARGET_NAME)";
				SWIFT_VERSION = 5.0;
				TARGETED_DEVICE_FAMILY = "1,2";
				TEST_TARGET_NAME = Kamu;
			};
			name = Release;
		};
/* End XCBuildConfiguration section */

/* Begin XCConfigurationList section */
		268C55492240244B00AFDE9C /* Build configuration list for PBXProject "Kamu" */ = {
			isa = XCConfigurationList;
			buildConfigurations = (
				268C55742240244E00AFDE9C /* Debug */,
				268C55752240244E00AFDE9C /* Release */,
			);
			defaultConfigurationIsVisible = 0;
			defaultConfigurationName = Release;
		};
		268C55762240244E00AFDE9C /* Build configuration list for PBXNativeTarget "Kamu" */ = {
			isa = XCConfigurationList;
			buildConfigurations = (
				268C55772240244E00AFDE9C /* Debug */,
				268C55782240244E00AFDE9C /* Release */,
			);
			defaultConfigurationIsVisible = 0;
			defaultConfigurationName = Release;
		};
		268C55792240244E00AFDE9C /* Build configuration list for PBXNativeTarget "Unit Tests" */ = {
			isa = XCConfigurationList;
			buildConfigurations = (
				268C557A2240244E00AFDE9C /* Debug */,
				268C557B2240244E00AFDE9C /* Release */,
			);
			defaultConfigurationIsVisible = 0;
			defaultConfigurationName = Release;
		};
		268C557C2240244E00AFDE9C /* Build configuration list for PBXNativeTarget "UI Tests" */ = {
			isa = XCConfigurationList;
			buildConfigurations = (
				268C557D2240244E00AFDE9C /* Debug */,
				268C557E2240244E00AFDE9C /* Release */,
			);
			defaultConfigurationIsVisible = 0;
			defaultConfigurationName = Release;
		};
/* End XCConfigurationList section */
	};
	rootObject = 268C55462240244B00AFDE9C /* Project object */;
}
